PODS:
  - Compass (6.0.0)
  - Encompass (0.2.0):
    - Compass (= 6.0.0)
  - Reusable (4.0.2):
    - Reusable/Storyboard (= 4.0.2)
    - Reusable/View (= 4.0.2)
  - Reusable/Storyboard (4.0.2)
  - Reusable/View (4.0.2)

DEPENDENCIES:
  - Encompass (from `../`)
  - Reusable

SPEC REPOS:
  https://github.com/cocoapods/specs.git:
    - Compass
    - Reusable

EXTERNAL SOURCES:
  Encompass:
    :path: "../"

SPEC CHECKSUMS:
  Compass: ff30e2056c549ea5cb5b8a307d28ef628e4209ff
  Encompass: b1152790928b5f602d512dcdec26b110f18daea9
  Reusable: 584a5629747c52e0f6a77841b400dc2643f6fa0f

PODFILE CHECKSUM: 5a7039db7f585c27a6e5e290f8b4ec53a8a46360

COCOAPODS: 1.5.3
